
Microsoft Visual Studio Solution File, Format Version 12.00
# Visual Studio 14
VisualStudioVersion = 14.0.25123.0
MinimumVisualStudioVersion = 10.0.40219.1
Project("{FAE04EC0-301F-11D3-BF4B-00C04F79EFBC}") = "WideViewer", "WideViewer\WideViewer.csproj", "{69A60C58-912D-4BEF-A153-F524C43CA900}"
	ProjectSection(ProjectDependencies) = postProject
		{107C9763-5957-4AFE-88EC-A8CBF3A84FDA} = {107C9763-5957-4AFE-88EC-A8CBF3A84FDA}
	EndProjectSection
EndProject
Project("{FAE04EC0-301F-11D3-BF4B-00C04F79EFBC}") = "PicViewerCtrl", "PicViewerCtrl\PicViewerCtrl.csproj", "{107C9763-5957-4AFE-88EC-A8CBF3A84FDA}"
EndProject
Project("{8BC9CEB8-8B4A-11D0-8D11-00A0C91BC942}") = "TransBitmapTable", "TransBitmapTable\TransBitmapTable.vcxproj", "{2521C5D4-AD1C-416F-88A8-1F51A942A8D1}"
EndProject
Project("{8BC9CEB8-8B4A-11D0-8D11-00A0C91BC942}") = "TransBitmapTest", "TransBitmapTest\TransBitmapTest.vcxproj", "{26804D41-8498-44CF-B89C-1C302AF77843}"
	ProjectSection(ProjectDependencies) = postProject
		{2521C5D4-AD1C-416F-88A8-1F51A942A8D1} = {2521C5D4-AD1C-416F-88A8-1F51A942A8D1}
		{2521C5D4-AD1C-416F-88A8-1F51A942A8D2} = {2521C5D4-AD1C-416F-88A8-1F51A942A8D2}
	EndProjectSection
EndProject
Project("{FAE04EC0-301F-11D3-BF4B-00C04F79EFBC}") = "DistortTest", "DistortTest\DistortTest.csproj", "{1D38CC88-FF08-478B-9534-D8AB40490914}"
EndProject
Project("{8BC9CEB8-8B4A-11D0-8D11-00A0C91BC942}") = "TransBitmapAux", "TransBitmapAux\TransBitmapAux.vcxproj", "{2521C5D4-AD1C-416F-88A8-1F51A942A8D2}"
	ProjectSection(ProjectDependencies) = postProject
		{2521C5D4-AD1C-416F-88A8-1F51A942A8D1} = {2521C5D4-AD1C-416F-88A8-1F51A942A8D1}
	EndProjectSection
EndProject
Project("{FAE04EC0-301F-11D3-BF4B-00C04F79EFBC}") = "TransBitmapTableCS", "TransBitmapTableCS\TransBitmapTableCS.csproj", "{AF888987-DBE4-460B-BF1E-494E46F07EF9}"
EndProject
Project("{FAE04EC0-301F-11D3-BF4B-00C04F79EFBC}") = "DistorDrawTest", "DistorDrawTest\DistorDrawTest.csproj", "{94066D43-EAE7-435A-B552-4454AE4F643A}"
EndProject
Project("{8BC9CEB8-8B4A-11D0-8D11-00A0C91BC942}") = "CalcLens", "CalcLens\CalcLens_vs2015.vcxproj", "{DA85AAA6-1F7A-4B24-81AF-DE7F2EBEDA05}"
EndProject
Global
	GlobalSection(SolutionConfigurationPlatforms) = preSolution
		Debug|Any CPU = Debug|Any CPU
		Debug|Mixed Platforms = Debug|Mixed Platforms
		Debug|Win32 = Debug|Win32
		Debug|x86 = Debug|x86
		Release|Any CPU = Release|Any CPU
		Release|Mixed Platforms = Release|Mixed Platforms
		Release|Win32 = Release|Win32
		Release|x86 = Release|x86
	EndGlobalSection
	GlobalSection(ProjectConfigurationPlatforms) = postSolution
		{69A60C58-912D-4BEF-A153-F524C43CA900}.Debug|Any CPU.ActiveCfg = Debug|Any CPU
		{69A60C58-912D-4BEF-A153-F524C43CA900}.Debug|Any CPU.Build.0 = Debug|Any CPU
		{69A60C58-912D-4BEF-A153-F524C43CA900}.Debug|Mixed Platforms.ActiveCfg = Debug|Any CPU
		{69A60C58-912D-4BEF-A153-F524C43CA900}.Debug|Mixed Platforms.Build.0 = Debug|Any CPU
		{69A60C58-912D-4BEF-A153-F524C43CA900}.Debug|Win32.ActiveCfg = Debug|x86
		{69A60C58-912D-4BEF-A153-F524C43CA900}.Debug|Win32.Build.0 = Debug|x86
		{69A60C58-912D-4BEF-A153-F524C43CA900}.Debug|x86.ActiveCfg = Debug|x86
		{69A60C58-912D-4BEF-A153-F524C43CA900}.Debug|x86.Build.0 = Debug|x86
		{69A60C58-912D-4BEF-A153-F524C43CA900}.Release|Any CPU.ActiveCfg = Release|Any CPU
		{69A60C58-912D-4BEF-A153-F524C43CA900}.Release|Any CPU.Build.0 = Release|Any CPU
		{69A60C58-912D-4BEF-A153-F524C43CA900}.Release|Mixed Platforms.ActiveCfg = Release|Any CPU
		{69A60C58-912D-4BEF-A153-F524C43CA900}.Release|Mixed Platforms.Build.0 = Release|Any CPU
		{69A60C58-912D-4BEF-A153-F524C43CA900}.Release|Win32.ActiveCfg = Release|x86
		{69A60C58-912D-4BEF-A153-F524C43CA900}.Release|Win32.Build.0 = Release|x86
		{69A60C58-912D-4BEF-A153-F524C43CA900}.Release|x86.ActiveCfg = Release|x86
		{69A60C58-912D-4BEF-A153-F524C43CA900}.Release|x86.Build.0 = Release|x86
		{107C9763-5957-4AFE-88EC-A8CBF3A84FDA}.Debug|Any CPU.ActiveCfg = Debug|Any CPU
		{107C9763-5957-4AFE-88EC-A8CBF3A84FDA}.Debug|Any CPU.Build.0 = Debug|Any CPU
		{107C9763-5957-4AFE-88EC-A8CBF3A84FDA}.Debug|Mixed Platforms.ActiveCfg = Debug|Any CPU
		{107C9763-5957-4AFE-88EC-A8CBF3A84FDA}.Debug|Mixed Platforms.Build.0 = Debug|Any CPU
		{107C9763-5957-4AFE-88EC-A8CBF3A84FDA}.Debug|Win32.ActiveCfg = Debug|Any CPU
		{107C9763-5957-4AFE-88EC-A8CBF3A84FDA}.Debug|Win32.Build.0 = Debug|Any CPU
		{107C9763-5957-4AFE-88EC-A8CBF3A84FDA}.Debug|x86.ActiveCfg = Debug|Any CPU
		{107C9763-5957-4AFE-88EC-A8CBF3A84FDA}.Release|Any CPU.ActiveCfg = Release|Any CPU
		{107C9763-5957-4AFE-88EC-A8CBF3A84FDA}.Release|Any CPU.Build.0 = Release|Any CPU
		{107C9763-5957-4AFE-88EC-A8CBF3A84FDA}.Release|Mixed Platforms.ActiveCfg = Release|Any CPU
		{107C9763-5957-4AFE-88EC-A8CBF3A84FDA}.Release|Mixed Platforms.Build.0 = Release|Any CPU
		{107C9763-5957-4AFE-88EC-A8CBF3A84FDA}.Release|Win32.ActiveCfg = Release|Any CPU
		{107C9763-5957-4AFE-88EC-A8CBF3A84FDA}.Release|Win32.Build.0 = Release|Any CPU
		{107C9763-5957-4AFE-88EC-A8CBF3A84FDA}.Release|x86.ActiveCfg = Release|Any CPU
		{2521C5D4-AD1C-416F-88A8-1F51A942A8D1}.Debug|Any CPU.ActiveCfg = Debug|Win32
		{2521C5D4-AD1C-416F-88A8-1F51A942A8D1}.Debug|Mixed Platforms.ActiveCfg = Debug|Win32
		{2521C5D4-AD1C-416F-88A8-1F51A942A8D1}.Debug|Mixed Platforms.Build.0 = Debug|Win32
		{2521C5D4-AD1C-416F-88A8-1F51A942A8D1}.Debug|Win32.ActiveCfg = Debug|Win32
		{2521C5D4-AD1C-416F-88A8-1F51A942A8D1}.Debug|Win32.Build.0 = Debug|Win32
		{2521C5D4-AD1C-416F-88A8-1F51A942A8D1}.Debug|x86.ActiveCfg = Debug|Win32
		{2521C5D4-AD1C-416F-88A8-1F51A942A8D1}.Debug|x86.Build.0 = Debug|Win32
		{2521C5D4-AD1C-416F-88A8-1F51A942A8D1}.Release|Any CPU.ActiveCfg = Release|Win32
		{2521C5D4-AD1C-416F-88A8-1F51A942A8D1}.Release|Mixed Platforms.ActiveCfg = Release|Win32
		{2521C5D4-AD1C-416F-88A8-1F51A942A8D1}.Release|Mixed Platforms.Build.0 = Release|Win32
		{2521C5D4-AD1C-416F-88A8-1F51A942A8D1}.Release|Win32.ActiveCfg = Release|Win32
		{2521C5D4-AD1C-416F-88A8-1F51A942A8D1}.Release|Win32.Build.0 = Release|Win32
		{2521C5D4-AD1C-416F-88A8-1F51A942A8D1}.Release|x86.ActiveCfg = Release|Win32
		{2521C5D4-AD1C-416F-88A8-1F51A942A8D1}.Release|x86.Build.0 = Release|Win32
		{26804D41-8498-44CF-B89C-1C302AF77843}.Debug|Any CPU.ActiveCfg = Debug|Win32
		{26804D41-8498-44CF-B89C-1C302AF77843}.Debug|Mixed Platforms.ActiveCfg = Debug|Win32
		{26804D41-8498-44CF-B89C-1C302AF77843}.Debug|Win32.ActiveCfg = Debug|Win32
		{26804D41-8498-44CF-B89C-1C302AF77843}.Debug|Win32.Build.0 = Debug|Win32
		{26804D41-8498-44CF-B89C-1C302AF77843}.Debug|x86.ActiveCfg = Debug|Win32
		{26804D41-8498-44CF-B89C-1C302AF77843}.Debug|x86.Build.0 = Debug|Win32
		{26804D41-8498-44CF-B89C-1C302AF77843}.Release|Any CPU.ActiveCfg = Release|Win32
		{26804D41-8498-44CF-B89C-1C302AF77843}.Release|Mixed Platforms.ActiveCfg = Release|Win32
		{26804D41-8498-44CF-B89C-1C302AF77843}.Release|Mixed Platforms.Build.0 = Release|Win32
		{26804D41-8498-44CF-B89C-1C302AF77843}.Release|Win32.ActiveCfg = Release|Win32
		{26804D41-8498-44CF-B89C-1C302AF77843}.Release|Win32.Build.0 = Release|Win32
		{26804D41-8498-44CF-B89C-1C302AF77843}.Release|x86.ActiveCfg = Release|Win32
		{26804D41-8498-44CF-B89C-1C302AF77843}.Release|x86.Build.0 = Release|Win32
		{1D38CC88-FF08-478B-9534-D8AB40490914}.Debug|Any CPU.ActiveCfg = Debug|Any CPU
		{1D38CC88-FF08-478B-9534-D8AB40490914}.Debug|Mixed Platforms.ActiveCfg = Debug|Any CPU
		{1D38CC88-FF08-478B-9534-D8AB40490914}.Debug|Win32.ActiveCfg = Debug|Any CPU
		{1D38CC88-FF08-478B-9534-D8AB40490914}.Debug|x86.ActiveCfg = Debug|Any CPU
		{1D38CC88-FF08-478B-9534-D8AB40490914}.Release|Any CPU.ActiveCfg = Release|Any CPU
		{1D38CC88-FF08-478B-9534-D8AB40490914}.Release|Mixed Platforms.ActiveCfg = Release|Any CPU
		{1D38CC88-FF08-478B-9534-D8AB40490914}.Release|Win32.ActiveCfg = Release|Any CPU
		{1D38CC88-FF08-478B-9534-D8AB40490914}.Release|x86.ActiveCfg = Release|Any CPU
		{2521C5D4-AD1C-416F-88A8-1F51A942A8D2}.Debug|Any CPU.ActiveCfg = Debug|Win32
		{2521C5D4-AD1C-416F-88A8-1F51A942A8D2}.Debug|Mixed Platforms.ActiveCfg = Debug|Win32
		{2521C5D4-AD1C-416F-88A8-1F51A942A8D2}.Debug|Mixed Platforms.Build.0 = Debug|Win32
		{2521C5D4-AD1C-416F-88A8-1F51A942A8D2}.Debug|Win32.ActiveCfg = Debug|Win32
		{2521C5D4-AD1C-416F-88A8-1F51A942A8D2}.Debug|Win32.Build.0 = Debug|Win32
		{2521C5D4-AD1C-416F-88A8-1F51A942A8D2}.Debug|x86.ActiveCfg = Debug|Win32
		{2521C5D4-AD1C-416F-88A8-1F51A942A8D2}.Debug|x86.Build.0 = Debug|Win32
		{2521C5D4-AD1C-416F-88A8-1F51A942A8D2}.Release|Any CPU.ActiveCfg = Release|Win32
		{2521C5D4-AD1C-416F-88A8-1F51A942A8D2}.Release|Mixed Platforms.ActiveCfg = Release|Win32
		{2521C5D4-AD1C-416F-88A8-1F51A942A8D2}.Release|Mixed Platforms.Build.0 = Release|Win32
		{2521C5D4-AD1C-416F-88A8-1F51A942A8D2}.Release|Win32.ActiveCfg = Release|Win32
		{2521C5D4-AD1C-416F-88A8-1F51A942A8D2}.Release|Win32.Build.0 = Release|Win32
		{2521C5D4-AD1C-416F-88A8-1F51A942A8D2}.Release|x86.ActiveCfg = Release|Win32
		{2521C5D4-AD1C-416F-88A8-1F51A942A8D2}.Release|x86.Build.0 = Release|Win32
		{AF888987-DBE4-460B-BF1E-494E46F07EF9}.Debug|Any CPU.ActiveCfg = Debug|Any CPU
		{AF888987-DBE4-460B-BF1E-494E46F07EF9}.Debug|Mixed Platforms.ActiveCfg = Debug|Any CPU
		{AF888987-DBE4-460B-BF1E-494E46F07EF9}.Debug|Win32.ActiveCfg = Debug|Any CPU
		{AF888987-DBE4-460B-BF1E-494E46F07EF9}.Debug|x86.ActiveCfg = Debug|Any CPU
		{AF888987-DBE4-460B-BF1E-494E46F07EF9}.Release|Any CPU.ActiveCfg = Release|Any CPU
		{AF888987-DBE4-460B-BF1E-494E46F07EF9}.Release|Mixed Platforms.ActiveCfg = Release|Any CPU
		{AF888987-DBE4-460B-BF1E-494E46F07EF9}.Release|Win32.ActiveCfg = Release|Any CPU
		{AF888987-DBE4-460B-BF1E-494E46F07EF9}.Release|x86.ActiveCfg = Release|Any CPU
		{94066D43-EAE7-435A-B552-4454AE4F643A}.Debug|Any CPU.ActiveCfg = Debug|Any CPU
		{94066D43-EAE7-435A-B552-4454AE4F643A}.Debug|Any CPU.Build.0 = Debug|Any CPU
		{94066D43-EAE7-435A-B552-4454AE4F643A}.Debug|Mixed Platforms.ActiveCfg = Debug|Any CPU
		{94066D43-EAE7-435A-B552-4454AE4F643A}.Debug|Mixed Platforms.Build.0 = Debug|Any CPU
		{94066D43-EAE7-435A-B552-4454AE4F643A}.Debug|Win32.ActiveCfg = Debug|Any CPU
		{94066D43-EAE7-435A-B552-4454AE4F643A}.Debug|Win32.Build.0 = Debug|Any CPU
		{94066D43-EAE7-435A-B552-4454AE4F643A}.Debug|x86.ActiveCfg = Debug|Any CPU
		{94066D43-EAE7-435A-B552-4454AE4F643A}.Release|Any CPU.ActiveCfg = Release|Any CPU
		{94066D43-EAE7-435A-B552-4454AE4F643A}.Release|Any CPU.Build.0 = Release|Any CPU
		{94066D43-EAE7-435A-B552-4454AE4F643A}.Release|Mixed Platforms.ActiveCfg = Release|Any CPU
		{94066D43-EAE7-435A-B552-4454AE4F643A}.Release|Mixed Platforms.Build.0 = Release|Any CPU
		{94066D43-EAE7-435A-B552-4454AE4F643A}.Release|Win32.ActiveCfg = Release|Any CPU
		{94066D43-EAE7-435A-B552-4454AE4F643A}.Release|x86.ActiveCfg = Release|Any CPU
		{DA85AAA6-1F7A-4B24-81AF-DE7F2EBEDA05}.Debug|Any CPU.ActiveCfg = Debug|Win32
		{DA85AAA6-1F7A-4B24-81AF-DE7F2EBEDA05}.Debug|Mixed Platforms.ActiveCfg = Debug|Win32
		{DA85AAA6-1F7A-4B24-81AF-DE7F2EBEDA05}.Debug|Mixed Platforms.Build.0 = Debug|Win32
		{DA85AAA6-1F7A-4B24-81AF-DE7F2EBEDA05}.Debug|Win32.ActiveCfg = Debug|Win32
		{DA85AAA6-1F7A-4B24-81AF-DE7F2EBEDA05}.Debug|Win32.Build.0 = Debug|Win32
		{DA85AAA6-1F7A-4B24-81AF-DE7F2EBEDA05}.Debug|x86.ActiveCfg = Debug|Win32
		{DA85AAA6-1F7A-4B24-81AF-DE7F2EBEDA05}.Debug|x86.Build.0 = Debug|Win32
		{DA85AAA6-1F7A-4B24-81AF-DE7F2EBEDA05}.Release|Any CPU.ActiveCfg = Release|Win32
		{DA85AAA6-1F7A-4B24-81AF-DE7F2EBEDA05}.Release|Mixed Platforms.ActiveCfg = Release|Win32
		{DA85AAA6-1F7A-4B24-81AF-DE7F2EBEDA05}.Release|Mixed Platforms.Build.0 = Release|Win32
		{DA85AAA6-1F7A-4B24-81AF-DE7F2EBEDA05}.Release|Win32.ActiveCfg = Release|Win32
		{DA85AAA6-1F7A-4B24-81AF-DE7F2EBEDA05}.Release|Win32.Build.0 = Release|Win32
		{DA85AAA6-1F7A-4B24-81AF-DE7F2EBEDA05}.Release|x86.ActiveCfg = Release|Win32
		{DA85AAA6-1F7A-4B24-81AF-DE7F2EBEDA05}.Release|x86.Build.0 = Release|Win32
	EndGlobalSection
	GlobalSection(SolutionProperties) = preSolution
		HideSolutionNode = FALSE
	EndGlobalSection
EndGlobal
